{
    "_meta": {
        "hash": {
            "sha256": "bfa140acc89d37d9ba1eeca8fa82d93cdc37c8c7e2f3bc3527bd3bb00b3a9426"
        },
        "pipfile-spec": 6,
        "requires": {
            "python_version": "3.10"
        },
        "sources": [
            {
                "name": "pypi",
                "url": "https://pypi.org/simple",
                "verify_ssl": true
            }
        ]
    },
    "default": {
        "azure-core": {
            "hashes": [
                "sha256:3c1cf368650e76ec009c07cd1174a95cdcb471b247bb72d18245f7d56c1809b2",
                "sha256:b0d62e67ec6d47365eebb12c50bc96f7b22d06b359f56ce7f904b095cb46b195"
            ],
            "markers": "python_version >= '3.7'",
            "version": "==1.25.1"
        },
        "azure-eventhub": {
            "hashes": [
                "sha256:2ccf36f1aee4b4f6eeb4ae27aaaf070152fdba051ae76d5c665ccbf7e2401f82",
                "sha256:2d5fa8edd3150852107eaf5ddb0618df82e08483f914dd3acc3a543ed9042c54"
            ],
            "index": "pypi",
            "version": "==5.10.1"
        },
        "azure-iot-device": {
            "hashes": [
                "sha256:a15a211341430674fa2959f4a87ac39d2ba1f7f0b8bfb09d94a4f1f1be27fb09",
                "sha256:a5352fec7250c2a4ae4a7863d60f3f55ff81f4e023c507abb95ea6f569be7e51"
            ],
            "index": "pypi",
            "version": "==2.12.0"
        },
        "certifi": {
            "hashes": [
                "sha256:0d9c601124e5a6ba9712dbc60d9c53c21e34f5f641fe83002317394311bdce14",
                "sha256:90c1a32f1d68f940488354e36370f6cca89f0f106db09518524c88d6ed83f382"
            ],
            "markers": "python_version >= '3.6'",
            "version": "==2022.9.24"
        },
        "charset-normalizer": {
            "hashes": [
                "sha256:5a3d016c7c547f69d6f81fb0db9449ce888b418b5b9952cc5e6e66843e9dd845",
                "sha256:83e9a75d1911279afd89352c68b45348559d1fc0506b054b346651b5e7fee29f"
            ],
            "markers": "python_version >= '3.6'",
            "version": "==2.1.1"
        },
        "deprecation": {
            "hashes": [
                "sha256:72b3bde64e5d778694b0cf68178aed03d15e15477116add3fb773e581f9518ff",
                "sha256:a10811591210e1fb0e768a8c25517cabeabcba6f0bf96564f8ff45189f90b14a"
            ],
            "version": "==2.1.0"
        },
        "idna": {
            "hashes": [
                "sha256:814f528e8dead7d329833b91c5faa87d60bf71824cd12a7530b5526063d02cb4",
                "sha256:90b77e79eaa3eba6de819a0c442c0b4ceefc341a7a2ab77d7562bf49f425c5c2"
            ],
            "markers": "python_version >= '3.5'",
            "version": "==3.4"
        },
        "janus": {
            "hashes": [
                "sha256:2596ea5482711c1ee3ef2df6c290aaf370a13c55a007826e8f7c32d696d1d00a",
                "sha256:df976f2cdcfb034b147a2d51edfc34ff6bfb12d4e2643d3ad0e10de058cb1612"
            ],
            "markers": "python_version >= '3.7'",
            "version": "==1.0.0"
        },
        "packaging": {
            "hashes": [
                "sha256:dd47c42927d89ab911e606518907cc2d3a1f38bbd026385970643f9c5b8ecfeb",
                "sha256:ef103e05f519cdc783ae24ea4e2e0f508a9c99b2d4969652eed6a2e1ea5bd522"
            ],
            "markers": "python_version >= '3.6'",
            "version": "==21.3"
        },
        "paho-mqtt": {
            "hashes": [
                "sha256:2a8291c81623aec00372b5a85558a372c747cbca8e9934dfe218638b8eefc26f"
            ],
            "version": "==1.6.1"
        },
        "pyparsing": {
            "hashes": [
                "sha256:2b020ecf7d21b687f219b71ecad3631f644a47f01403fa1d1036b0c6416d70fb",
                "sha256:5026bae9a10eeaefb61dab2f09052b9f4307d44aee4eda64b309723d8d206bbc"
            ],
            "markers": "python_full_version >= '3.6.8'",
            "version": "==3.0.9"
        },
        "pysocks": {
            "hashes": [
                "sha256:08e69f092cc6dbe92a0fdd16eeb9b9ffbc13cadfe5ca4c7bd92ffb078b293299",
                "sha256:2725bd0a9925919b9b51739eea5f9e2bae91e83288108a9ad338b2e3a4435ee5",
                "sha256:3f8804571ebe159c380ac6de37643bb4685970655d3bba243530d6558b799aa0"
            ],
            "markers": "python_version >= '2.7' and python_version not in '3.0, 3.1, 3.2, 3.3'",
            "version": "==1.7.1"
        },
        "requests": {
            "hashes": [
                "sha256:7c5599b102feddaa661c826c56ab4fee28bfd17f5abca1ebbe3e7f19d7c97983",
                "sha256:8fefa2a1a1365bf5520aac41836fbee479da67864514bdb821f31ce07ce65349"
            ],
            "markers": "python_version >= '3.7' and python_version < '4'",
            "version": "==2.28.1"
        },
        "requests-unixsocket": {
            "hashes": [
                "sha256:28304283ea9357d45fff58ad5b11e47708cfbf5806817aa59b2a363228ee971e",
                "sha256:c685c680f0809e1b2955339b1e5afc3c0022b3066f4f7eb343f43a6065fc0e5d"
            ],
            "version": "==0.3.0"
        },
        "six": {
            "hashes": [
                "sha256:1e61c37477a1626458e36f7b1d82aa5c9b094fa4802892072e49de9c60c4c926",
                "sha256:8abb2f1d86890a2dfb989f9a77cfcfd3e47c2a354b01111771326f8aa26e0254"
            ],
            "markers": "python_version >= '2.7' and python_version not in '3.0, 3.1, 3.2, 3.3'",
            "version": "==1.16.0"
        },
        "typing-extensions": {
            "hashes": [
                "sha256:25642c956049920a5aa49edcdd6ab1e06d7e5d467fc00e0506c44ac86fbfca02",
                "sha256:e6d2677a32f47fc7eb2795db1dd15c1f34eff616bcaf2cfb5e997f854fa1c4a6"
            ],
            "markers": "python_version >= '3.7'",
            "version": "==4.3.0"
        },
        "uamqp": {
            "hashes": [
                "sha256:0955e42f01c9d046aac0035b272eedda14f650ef940aa6396a55d235ce9ce331",
                "sha256:170c29faded29460dc0da3d965a78a1ad452ddb9d83c497ca953e68b4d2f4581",
                "sha256:2c31b74a10856eccf258d73c4d08e5cac4d6060a34b9834890bfd42bcb138350",
                "sha256:2e688c259b923cd2a431c1e4146d1ceac5cf5b0ea2103dae4670ddf56e5dd5dc",
                "sha256:466336513cfb61201533300007e5c1523ddfe3b4938ba3f5bf0904f016a96987",
                "sha256:4717ffd33611002e2e8b3f92af6c4966d103e5e6df86fb1541f4952dc07f552b",
                "sha256:4d02daadf0e3a2fb9537d90d8f5cb2433ffd70b59388eebc0514f566b7712a7e",
                "sha256:514e1a67a3ab418972c6abb7a6f467ea7d3dcb1b3339b4d184f86e99850ae0a6",
                "sha256:6d2447ee36db70c08b25e662d76dff43704b1de11a3b99992d4ae7633a3a9629",
                "sha256:6f258847e05a169afdb2c84d553730d393610d496e1d594cf9a89581160371b1",
                "sha256:6f331a36eae335f526a6362ad5d1bd1211748eddeef20f92e3a32364114a8e0d",
                "sha256:78ccd8301a35b9eadc737d90724289d1ed7b121f3f091463c92f817942a5deea",
                "sha256:86bc0bbac6fd9b8f3cc750429f7bbadfb7ad03f42180e264353c7dbba9e02ff5",
                "sha256:9c1c28a65a13b010d2154c177173c12ca2b6d7a7c91f0d44d59694e119a12f5f",
                "sha256:c64ddd8dbdd8ef49ec4ef6068fe1d22a7cef7329192807d65844e3a623b8c42b",
                "sha256:cb4bba5c32d5f0535f7b0c10a75a454fb2d251277a7d880fd4542365d9f874a7",
                "sha256:d15e46e04cfb1c2d7cb54e35b629dee8f444bdb1dc52692e0bc1e7352e614e09",
                "sha256:da9d9eadf4a2eb18181219e1b819b7302cad930b9f118d6ad5ffd2dbdc2b9d8c",
                "sha256:daca114f22c95e18d7efb976e3b04f5e818362bf1320e3dd6eb8f450145ac538",
                "sha256:e7f27f6395a6308d841ce488cfeea9224e8406282e6bb3ab0b4e54089d6b7391"
            ],
            "markers": "python_version >= '3.7'",
            "version": "==1.6.0"
        },
        "urllib3": {
            "hashes": [
                "sha256:3fa96cf423e6987997fc326ae8df396db2a8b7c667747d47ddd8ecba91f4a74e",
                "sha256:b930dd878d5a8afb066a637fbb35144fe7901e3b209d1cd4f524bd0e9deee997"
            ],
            "markers": "python_version >= '2.7' and python_version not in '3.0, 3.1, 3.2, 3.3, 3.4, 3.5' and python_version < '4'",
            "version": "==1.26.12"
        }
    },
    "develop": {}
}
