{
    "_meta": {
        "hash": {
            "sha256": "cef8a8f9cba54b697dbdce8ccf7aa252fd080bf2816f3a589f666203f9e89bdf"
        },
        "pipfile-spec": 6,
        "requires": {
            "python_version": "3.10"
        },
        "sources": [
            {
                "name": "pypi",
                "url": "https://pypi.org/simple",
                "verify_ssl": true
            }
        ]
    },
    "default": {
        "boto3": {
            "hashes": [
                "sha256:5c775dcb12ca5d6be3f5aa3c49d77783faa64eb30fd3f4af93ff116bb42f9ffb",
                "sha256:5d9bcc355cf6edd7f3849fedac4252e12a0aa2b436cdbc0d4371b16a0f852a30"
            ],
            "index": "pypi",
            "version": "==1.24.34"
        },
        "botocore": {
            "hashes": [
                "sha256:0d824a5315f5f5c3bea53c14107a69695ef43190edf647f1281bac8f172ca77c",
                "sha256:9c695d47f1f1212f3e306e51f7bacdf67e58055194ddcf7d8296660b124cf135"
            ],
            "markers": "python_version >= '3.7'",
            "version": "==1.27.34"
        },
        "certifi": {
            "hashes": [
                "sha256:84c85a9078b11105f04f3036a9482ae10e4621616db313fe045dd24743a0820d",
                "sha256:fe86415d55e84719d75f8b69414f6438ac3547d2078ab91b67e779ef69378412"
            ],
            "markers": "python_full_version >= '3.6.0'",
            "version": "==2022.6.15"
        },
        "charset-normalizer": {
            "hashes": [
                "sha256:5189b6f22b01957427f35b6a08d9a0bc45b46d3788ef5a92e978433c7a35f8a5",
                "sha256:575e708016ff3a5e3681541cb9d79312c416835686d054a23accb873b254f413"
            ],
            "markers": "python_full_version >= '3.6.0'",
            "version": "==2.1.0"
        },
        "idna": {
            "hashes": [
                "sha256:84d9dd047ffa80596e0f246e2eab0b391788b0503584e8945f2368256d2735ff",
                "sha256:9d643ff0a55b762d5cdb124b8eaa99c66322e2157b69160bc32796e824360e6d"
            ],
            "markers": "python_version >= '3.5'",
            "version": "==3.3"
        },
        "jmespath": {
            "hashes": [
                "sha256:02e2e4cc71b5bcab88332eebf907519190dd9e6e82107fa7f83b1003a6252980",
                "sha256:90261b206d6defd58fdd5e85f478bf633a2901798906be2ad389150c5c60edbe"
            ],
            "markers": "python_version >= '3.7'",
            "version": "==1.0.1"
        },
        "python-dateutil": {
            "hashes": [
                "sha256:0123cacc1627ae19ddf3c27a5de5bd67ee4586fbdd6440d9748f8abb483d3e86",
                "sha256:961d03dc3453ebbc59dbdea9e4e11c5651520a876d0f4db161e8674aae935da9"
            ],
            "markers": "python_version >= '2.7' and python_version not in '3.0, 3.1, 3.2, 3.3'",
            "version": "==2.8.2"
        },
        "requests": {
            "hashes": [
                "sha256:7c5599b102feddaa661c826c56ab4fee28bfd17f5abca1ebbe3e7f19d7c97983",
                "sha256:8fefa2a1a1365bf5520aac41836fbee479da67864514bdb821f31ce07ce65349"
            ],
            "index": "pypi",
            "version": "==2.28.1"
        },
        "s3transfer": {
            "hashes": [
                "sha256:06176b74f3a15f61f1b4f25a1fc29a4429040b7647133a463da8fa5bd28d5ecd",
                "sha256:2ed07d3866f523cc561bf4a00fc5535827981b117dd7876f036b0c1aca42c947"
            ],
            "markers": "python_version >= '3.7'",
            "version": "==0.6.0"
        },
        "six": {
            "hashes": [
                "sha256:1e61c37477a1626458e36f7b1d82aa5c9b094fa4802892072e49de9c60c4c926",
                "sha256:8abb2f1d86890a2dfb989f9a77cfcfd3e47c2a354b01111771326f8aa26e0254"
            ],
            "markers": "python_version >= '2.7' and python_version not in '3.0, 3.1, 3.2, 3.3'",
            "version": "==1.16.0"
        },
        "urllib3": {
            "hashes": [
                "sha256:8298d6d56d39be0e3bc13c1c97d133f9b45d797169a0e11cdd0e0489d786f7ec",
                "sha256:879ba4d1e89654d9769ce13121e0f94310ea32e8d2f8cf587b77c08bbcdb30d6"
            ],
            "markers": "python_version >= '2.7' and python_version not in '3.0, 3.1, 3.2, 3.3, 3.4, 3.5' and python_version < '4'",
            "version": "==1.26.10"
        }
    },
    "develop": {
        "boto3-stubs": {
            "extras": [
                "iam"
            ],
            "hashes": [
                "sha256:ac457769fb343805c29fbfda9f5602167531ee9047d758743c676747cfd50963",
                "sha256:bdad5ba6aec69705f52485a05719b4e9faf00489eb4ce6db2fec289aae73a06d"
            ],
            "index": "pypi",
            "version": "==1.24.34"
        },
        "botocore-stubs": {
            "hashes": [
                "sha256:7765b82a0cd5d69283c4cec59676d438a645e6bc8226af227f9288133cc6673e",
                "sha256:ceafcf08f45b5302f4d148cf20677f9d934b6206f87803362858d6160e7529a4"
            ],
            "markers": "python_version >= '3.6'",
            "version": "==1.27.34"
        },
        "mypy-boto3-iam": {
            "hashes": [
                "sha256:1d9474ba069a44a05d0fd978a7a3e2c7f930e0291d74208a782a157f1825d653",
                "sha256:fad4c9356712e449e8be97d47753ea4a28618b32731df58a4f1839fcef790821"
            ],
            "version": "==1.24.5"
        },
        "pip": {
            "hashes": [
                "sha256:6d55b27e10f506312894a87ccc59f280136bad9061719fac9101bdad5a6bce69",
                "sha256:a3edacb89022ef5258bf61852728bf866632a394da837ca49eb4303635835f17"
            ],
            "markers": "python_version >= '3.7'",
            "version": "==22.1.2"
        },
        "types-s3transfer": {
            "hashes": [
                "sha256:9d9a2b2a068c0cd18dd20db81a118e7664d801427fdc36cb345a85fe8d245d20",
                "sha256:af5222a02eb1491828c01d3f7b0f77bc9600989ecfbff6df63a60b8ba88c4565"
            ],
            "markers": "python_version >= '3.6' and python_version < '4.0'",
            "version": "==0.6.0.post2"
        },
        "typing-extensions": {
            "hashes": [
                "sha256:25642c956049920a5aa49edcdd6ab1e06d7e5d467fc00e0506c44ac86fbfca02",
                "sha256:e6d2677a32f47fc7eb2795db1dd15c1f34eff616bcaf2cfb5e997f854fa1c4a6"
            ],
            "markers": "python_version >= '3.7'",
            "version": "==4.3.0"
        }
    }
}
